
Microsoft Visual Studio Solution File, Format Version 12.00
# Visual Studio 15
Project("{FAE04EC0-301F-11D3-BF4B-00C04F79EFBC}") = "Assembly-CSharp", "Assembly-CSharp.csproj", "{63596AD4-657B-D9AB-C933-19D6416F72AD}"
EndProject
Project("{FAE04EC0-301F-11D3-BF4B-00C04F79EFBC}") = "Assembly-CSharp-Editor-firstpass", "Assembly-CSharp-Editor-firstpass.csproj", "{D5FA195A-BB3E-2D60-5369-73A7549BD003}"
EndProject
Global
	GlobalSection(SolutionConfigurationPlatforms) = preSolution
		Debug|Any CPU = Debug|Any CPU
		Release|Any CPU = Release|Any CPU
	EndGlobalSection
	GlobalSection(ProjectConfigurationPlatforms) = postSolution
		{63596AD4-657B-D9AB-C933-19D6416F72AD}.Debug|Any CPU.ActiveCfg = Debug|Any CPU
		{63596AD4-657B-D9AB-C933-19D6416F72AD}.Debug|Any CPU.Build.0 = Debug|Any CPU
		{63596AD4-657B-D9AB-C933-19D6416F72AD}.Release|Any CPU.ActiveCfg = Release|Any CPU
		{63596AD4-657B-D9AB-C933-19D6416F72AD}.Release|Any CPU.Build.0 = Release|Any CPU
		{D5FA195A-BB3E-2D60-5369-73A7549BD003}.Debug|Any CPU.ActiveCfg = Debug|Any CPU
		{D5FA195A-BB3E-2D60-5369-73A7549BD003}.Debug|Any CPU.Build.0 = Debug|Any CPU
		{D5FA195A-BB3E-2D60-5369-73A7549BD003}.Release|Any CPU.ActiveCfg = Release|Any CPU
		{D5FA195A-BB3E-2D60-5369-73A7549BD003}.Release|Any CPU.Build.0 = Release|Any CPU
	EndGlobalSection
	GlobalSection(SolutionProperties) = preSolution
		HideSolutionNode = FALSE
	EndGlobalSection
EndGlobal
