
Microsoft Visual Studio Solution File, Format Version 11.00
# Visual Studio 2010
Project("{FAE04EC0-301F-11D3-BF4B-00C04F79EFBC}") = "Assembly-CSharp", "Assembly-CSharp.csproj", "{DDF4612D-AE19-DA47-285F-E2E3526B5267}"
EndProject
Global
	GlobalSection(SolutionConfigurationPlatforms) = preSolution
		Debug|Any CPU = Debug|Any CPU
		Release|Any CPU = Release|Any CPU
	EndGlobalSection
	GlobalSection(ProjectConfigurationPlatforms) = postSolution
		{DDF4612D-AE19-DA47-285F-E2E3526B5267}.Debug|Any CPU.ActiveCfg = Debug|Any CPU
		{DDF4612D-AE19-DA47-285F-E2E3526B5267}.Debug|Any CPU.Build.0 = Debug|Any CPU
		{DDF4612D-AE19-DA47-285F-E2E3526B5267}.Release|Any CPU.ActiveCfg = Release|Any CPU
		{DDF4612D-AE19-DA47-285F-E2E3526B5267}.Release|Any CPU.Build.0 = Release|Any CPU
	EndGlobalSection
	GlobalSection(SolutionProperties) = preSolution
		HideSolutionNode = FALSE
	EndGlobalSection
EndGlobal
